
Microsoft Visual Studio Solution File, Format Version 12.00
# Visual Studio 15
VisualStudioVersion = 15.0.28010.2026
MinimumVisualStudioVersion = 10.0.40219.1
Project("{FAE04EC0-301F-11D3-BF4B-00C04F79EFBC}") = "Asg3-vxg173330", "Asg2-vxg173330\Asg3-vxg173330.csproj", "{9B1C2DD2-6A43-4829-B163-3DA09152D923}"
EndProject
Global
	GlobalSection(SolutionConfigurationPlatforms) = preSolution
		Debug|Any CPU = Debug|Any CPU
		Release|Any CPU = Release|Any CPU
	EndGlobalSection
	GlobalSection(ProjectConfigurationPlatforms) = postSolution
		{9B1C2DD2-6A43-4829-B163-3DA09152D923}.Debug|Any CPU.ActiveCfg = Debug|Any CPU
		{9B1C2DD2-6A43-4829-B163-3DA09152D923}.Debug|Any CPU.Build.0 = Debug|Any CPU
		{9B1C2DD2-6A43-4829-B163-3DA09152D923}.Release|Any CPU.ActiveCfg = Release|Any CPU
		{9B1C2DD2-6A43-4829-B163-3DA09152D923}.Release|Any CPU.Build.0 = Release|Any CPU
	EndGlobalSection
	GlobalSection(SolutionProperties) = preSolution
		HideSolutionNode = FALSE
	EndGlobalSection
	GlobalSection(ExtensibilityGlobals) = postSolution
		SolutionGuid = {74536EBC-7BBC-4CFA-A96C-307457FEED2B}
	EndGlobalSection
EndGlobal
